
Microsoft Visual Studio Solution File, Format Version 12.00
# Visual Studio Version 16
VisualStudioVersion = 16.0.31005.135
MinimumVisualStudioVersion = 10.0.40219.1
Project("{9A19103F-16F7-4668-BE54-9A1E7A4F7556}") = "SvwDesign.Notification", "SvwDesign.Notification\SvwDesign.Notification.csproj", "{50AD7071-CE10-4BF6-B0A1-6902209100D0}"
EndProject
Global
	GlobalSection(SolutionConfigurationPlatforms) = preSolution
		Debug|Any CPU = Debug|Any CPU
		Release|Any CPU = Release|Any CPU
	EndGlobalSection
	GlobalSection(ProjectConfigurationPlatforms) = postSolution
		{50AD7071-CE10-4BF6-B0A1-6902209100D0}.Debug|Any CPU.ActiveCfg = Debug|Any CPU
		{50AD7071-CE10-4BF6-B0A1-6902209100D0}.Debug|Any CPU.Build.0 = Debug|Any CPU
		{50AD7071-CE10-4BF6-B0A1-6902209100D0}.Release|Any CPU.ActiveCfg = Release|Any CPU
		{50AD7071-CE10-4BF6-B0A1-6902209100D0}.Release|Any CPU.Build.0 = Release|Any CPU
	EndGlobalSection
	GlobalSection(SolutionProperties) = preSolution
		HideSolutionNode = FALSE
	EndGlobalSection
	GlobalSection(ExtensibilityGlobals) = postSolution
		SolutionGuid = {5CDFB13C-21A7-4328-90E5-D0E9036627FA}
	EndGlobalSection
EndGlobal
